
Microsoft Visual Studio Solution File, Format Version 12.00
# Visual Studio 15
VisualStudioVersion = 15.0.27130.2026
MinimumVisualStudioVersion = 10.0.40219.1
Project("{FAE04EC0-301F-11D3-BF4B-00C04F79EFBC}") = "DotLog", "DotLog\DotLog.csproj", "{7103ECE1-DD0E-411E-B258-98417C24DE59}"
EndProject
Global
	GlobalSection(SolutionConfigurationPlatforms) = preSolution
		Debug|Any CPU = Debug|Any CPU
		Release|Any CPU = Release|Any CPU
	EndGlobalSection
	GlobalSection(ProjectConfigurationPlatforms) = postSolution
		{7103ECE1-DD0E-411E-B258-98417C24DE59}.Debug|Any CPU.ActiveCfg = Debug|Any CPU
		{7103ECE1-DD0E-411E-B258-98417C24DE59}.Debug|Any CPU.Build.0 = Debug|Any CPU
		{7103ECE1-DD0E-411E-B258-98417C24DE59}.Release|Any CPU.ActiveCfg = Release|Any CPU
		{7103ECE1-DD0E-411E-B258-98417C24DE59}.Release|Any CPU.Build.0 = Release|Any CPU
	EndGlobalSection
	GlobalSection(SolutionProperties) = preSolution
		HideSolutionNode = FALSE
	EndGlobalSection
	GlobalSection(ExtensibilityGlobals) = postSolution
		SolutionGuid = {144D1C3A-42FD-48CE-8331-3196CA721000}
	EndGlobalSection
EndGlobal
